
Microsoft Visual Studio Solution File, Format Version 12.00
# Visual Studio 15
VisualStudioVersion = 15.0.27130.2027
MinimumVisualStudioVersion = 10.0.40219.1
Project("{FAE04EC0-301F-11D3-BF4B-00C04F79EFBC}") = "TroublesomeSorcery.Android", "TroublesomeSorcery\TroublesomeSorcery.Android\TroublesomeSorcery.Android.csproj", "{D1A89F5D-1BC4-48DE-BBAC-B1C4F7ACAEBB}"
EndProject
Project("{FAE04EC0-301F-11D3-BF4B-00C04F79EFBC}") = "TroublesomeSorcery.iOS", "TroublesomeSorcery\TroublesomeSorcery.iOS\TroublesomeSorcery.iOS.csproj", "{B0851DFA-7C05-4D9D-8AC3-4357F70FD769}"
EndProject
Project("{D954291E-2A0B-460D-934E-DC6B0785DB48}") = "TroublesomeSorcery", "TroublesomeSorcery\TroublesomeSorcery\TroublesomeSorcery.shproj", "{F211CA34-AAF2-4A68-9E19-2D1C9622F535}"
EndProject
Project("{FAE04EC0-301F-11D3-BF4B-00C04F79EFBC}") = "TroublesomeSorcery.UWP", "TroublesomeSorcery.UWP\TroublesomeSorcery.UWP.csproj", "{23937F90-C0ED-4ADE-ACD1-119235F2C561}"
EndProject
Global
	GlobalSection(SharedMSBuildProjectFiles) = preSolution
		TroublesomeSorcery\TroublesomeSorcery\TroublesomeSorcery.projitems*{23937f90-c0ed-4ade-acd1-119235f2c561}*SharedItemsImports = 4
		TroublesomeSorcery\TroublesomeSorcery\TroublesomeSorcery.projitems*{b0851dfa-7c05-4d9d-8ac3-4357f70fd769}*SharedItemsImports = 4
		TroublesomeSorcery\TroublesomeSorcery\TroublesomeSorcery.projitems*{d1a89f5d-1bc4-48de-bbac-b1c4f7acaebb}*SharedItemsImports = 4
		TroublesomeSorcery\TroublesomeSorcery\TroublesomeSorcery.projitems*{f211ca34-aaf2-4a68-9e19-2d1c9622f535}*SharedItemsImports = 13
	EndGlobalSection
	GlobalSection(SolutionConfigurationPlatforms) = preSolution
		Ad-Hoc|Any CPU = Ad-Hoc|Any CPU
		Ad-Hoc|ARM = Ad-Hoc|ARM
		Ad-Hoc|iPhone = Ad-Hoc|iPhone
		Ad-Hoc|iPhoneSimulator = Ad-Hoc|iPhoneSimulator
		Ad-Hoc|x64 = Ad-Hoc|x64
		Ad-Hoc|x86 = Ad-Hoc|x86
		AppStore|Any CPU = AppStore|Any CPU
		AppStore|ARM = AppStore|ARM
		AppStore|iPhone = AppStore|iPhone
		AppStore|iPhoneSimulator = AppStore|iPhoneSimulator
		AppStore|x64 = AppStore|x64
		AppStore|x86 = AppStore|x86
		Debug|Any CPU = Debug|Any CPU
		Debug|ARM = Debug|ARM
		Debug|iPhone = Debug|iPhone
		Debug|iPhoneSimulator = Debug|iPhoneSimulator
		Debug|x64 = Debug|x64
		Debug|x86 = Debug|x86
		Release|Any CPU = Release|Any CPU
		Release|ARM = Release|ARM
		Release|iPhone = Release|iPhone
		Release|iPhoneSimulator = Release|iPhoneSimulator
		Release|x64 = Release|x64
		Release|x86 = Release|x86
	EndGlobalSection
	GlobalSection(ProjectConfigurationPlatforms) = postSolution
		{D1A89F5D-1BC4-48DE-BBAC-B1C4F7ACAEBB}.Ad-Hoc|Any CPU.ActiveCfg = Release|Any CPU
		{D1A89F5D-1BC4-48DE-BBAC-B1C4F7ACAEBB}.Ad-Hoc|Any CPU.Build.0 = Release|Any CPU
		{D1A89F5D-1BC4-48DE-BBAC-B1C4F7ACAEBB}.Ad-Hoc|Any CPU.Deploy.0 = Release|Any CPU
		{D1A89F5D-1BC4-48DE-BBAC-B1C4F7ACAEBB}.Ad-Hoc|ARM.ActiveCfg = Debug|Any CPU
		{D1A89F5D-1BC4-48DE-BBAC-B1C4F7ACAEBB}.Ad-Hoc|ARM.Build.0 = Debug|Any CPU
		{D1A89F5D-1BC4-48DE-BBAC-B1C4F7ACAEBB}.Ad-Hoc|ARM.Deploy.0 = Debug|Any CPU
		{D1A89F5D-1BC4-48DE-BBAC-B1C4F7ACAEBB}.Ad-Hoc|iPhone.ActiveCfg = Release|Any CPU
		{D1A89F5D-1BC4-48DE-BBAC-B1C4F7ACAEBB}.Ad-Hoc|iPhone.Build.0 = Release|Any CPU
		{D1A89F5D-1BC4-48DE-BBAC-B1C4F7ACAEBB}.Ad-Hoc|iPhone.Deploy.0 = Release|Any CPU
		{D1A89F5D-1BC4-48DE-BBAC-B1C4F7ACAEBB}.Ad-Hoc|iPhoneSimulator.ActiveCfg = Release|Any CPU
		{D1A89F5D-1BC4-48DE-BBAC-B1C4F7ACAEBB}.Ad-Hoc|iPhoneSimulator.Build.0 = Release|Any CPU
		{D1A89F5D-1BC4-48DE-BBAC-B1C4F7ACAEBB}.Ad-Hoc|iPhoneSimulator.Deploy.0 = Release|Any CPU
		{D1A89F5D-1BC4-48DE-BBAC-B1C4F7ACAEBB}.Ad-Hoc|x64.ActiveCfg = Debug|Any CPU
		{D1A89F5D-1BC4-48DE-BBAC-B1C4F7ACAEBB}.Ad-Hoc|x64.Build.0 = Debug|Any CPU
		{D1A89F5D-1BC4-48DE-BBAC-B1C4F7ACAEBB}.Ad-Hoc|x64.Deploy.0 = Debug|Any CPU
		{D1A89F5D-1BC4-48DE-BBAC-B1C4F7ACAEBB}.Ad-Hoc|x86.ActiveCfg = Debug|Any CPU
		{D1A89F5D-1BC4-48DE-BBAC-B1C4F7ACAEBB}.Ad-Hoc|x86.Build.0 = Debug|Any CPU
		{D1A89F5D-1BC4-48DE-BBAC-B1C4F7ACAEBB}.Ad-Hoc|x86.Deploy.0 = Debug|Any CPU
		{D1A89F5D-1BC4-48DE-BBAC-B1C4F7ACAEBB}.AppStore|Any CPU.ActiveCfg = Release|Any CPU
		{D1A89F5D-1BC4-48DE-BBAC-B1C4F7ACAEBB}.AppStore|Any CPU.Build.0 = Release|Any CPU
		{D1A89F5D-1BC4-48DE-BBAC-B1C4F7ACAEBB}.AppStore|Any CPU.Deploy.0 = Release|Any CPU
		{D1A89F5D-1BC4-48DE-BBAC-B1C4F7ACAEBB}.AppStore|ARM.ActiveCfg = Debug|Any CPU
		{D1A89F5D-1BC4-48DE-BBAC-B1C4F7ACAEBB}.AppStore|ARM.Build.0 = Debug|Any CPU
		{D1A89F5D-1BC4-48DE-BBAC-B1C4F7ACAEBB}.AppStore|ARM.Deploy.0 = Debug|Any CPU
		{D1A89F5D-1BC4-48DE-BBAC-B1C4F7ACAEBB}.AppStore|iPhone.ActiveCfg = Release|Any CPU
		{D1A89F5D-1BC4-48DE-BBAC-B1C4F7ACAEBB}.AppStore|iPhone.Build.0 = Release|Any CPU
		{D1A89F5D-1BC4-48DE-BBAC-B1C4F7ACAEBB}.AppStore|iPhone.Deploy.0 = Release|Any CPU
		{D1A89F5D-1BC4-48DE-BBAC-B1C4F7ACAEBB}.AppStore|iPhoneSimulator.ActiveCfg = Release|Any CPU
		{D1A89F5D-1BC4-48DE-BBAC-B1C4F7ACAEBB}.AppStore|iPhoneSimulator.Build.0 = Release|Any CPU
		{D1A89F5D-1BC4-48DE-BBAC-B1C4F7ACAEBB}.AppStore|iPhoneSimulator.Deploy.0 = Release|Any CPU
		{D1A89F5D-1BC4-48DE-BBAC-B1C4F7ACAEBB}.AppStore|x64.ActiveCfg = Debug|Any CPU
		{D1A89F5D-1BC4-48DE-BBAC-B1C4F7ACAEBB}.AppStore|x64.Build.0 = Debug|Any CPU
		{D1A89F5D-1BC4-48DE-BBAC-B1C4F7ACAEBB}.AppStore|x64.Deploy.0 = Debug|Any CPU
		{D1A89F5D-1BC4-48DE-BBAC-B1C4F7ACAEBB}.AppStore|x86.ActiveCfg = Debug|Any CPU
		{D1A89F5D-1BC4-48DE-BBAC-B1C4F7ACAEBB}.AppStore|x86.Build.0 = Debug|Any CPU
		{D1A89F5D-1BC4-48DE-BBAC-B1C4F7ACAEBB}.AppStore|x86.Deploy.0 = Debug|Any CPU
		{D1A89F5D-1BC4-48DE-BBAC-B1C4F7ACAEBB}.Debug|Any CPU.ActiveCfg = Debug|Any CPU
		{D1A89F5D-1BC4-48DE-BBAC-B1C4F7ACAEBB}.Debug|Any CPU.Build.0 = Debug|Any CPU
		{D1A89F5D-1BC4-48DE-BBAC-B1C4F7ACAEBB}.Debug|Any CPU.Deploy.0 = Debug|Any CPU
		{D1A89F5D-1BC4-48DE-BBAC-B1C4F7ACAEBB}.Debug|ARM.ActiveCfg = Debug|Any CPU
		{D1A89F5D-1BC4-48DE-BBAC-B1C4F7ACAEBB}.Debug|ARM.Build.0 = Debug|Any CPU
		{D1A89F5D-1BC4-48DE-BBAC-B1C4F7ACAEBB}.Debug|ARM.Deploy.0 = Debug|Any CPU
		{D1A89F5D-1BC4-48DE-BBAC-B1C4F7ACAEBB}.Debug|iPhone.ActiveCfg = Debug|Any CPU
		{D1A89F5D-1BC4-48DE-BBAC-B1C4F7ACAEBB}.Debug|iPhone.Build.0 = Debug|Any CPU
		{D1A89F5D-1BC4-48DE-BBAC-B1C4F7ACAEBB}.Debug|iPhone.Deploy.0 = Debug|Any CPU
		{D1A89F5D-1BC4-48DE-BBAC-B1C4F7ACAEBB}.Debug|iPhoneSimulator.ActiveCfg = Debug|Any CPU
		{D1A89F5D-1BC4-48DE-BBAC-B1C4F7ACAEBB}.Debug|iPhoneSimulator.Build.0 = Debug|Any CPU
		{D1A89F5D-1BC4-48DE-BBAC-B1C4F7ACAEBB}.Debug|iPhoneSimulator.Deploy.0 = Debug|Any CPU
		{D1A89F5D-1BC4-48DE-BBAC-B1C4F7ACAEBB}.Debug|x64.ActiveCfg = Debug|Any CPU
		{D1A89F5D-1BC4-48DE-BBAC-B1C4F7ACAEBB}.Debug|x64.Build.0 = Debug|Any CPU
		{D1A89F5D-1BC4-48DE-BBAC-B1C4F7ACAEBB}.Debug|x64.Deploy.0 = Debug|Any CPU
		{D1A89F5D-1BC4-48DE-BBAC-B1C4F7ACAEBB}.Debug|x86.ActiveCfg = Debug|Any CPU
		{D1A89F5D-1BC4-48DE-BBAC-B1C4F7ACAEBB}.Debug|x86.Build.0 = Debug|Any CPU
		{D1A89F5D-1BC4-48DE-BBAC-B1C4F7ACAEBB}.Debug|x86.Deploy.0 = Debug|Any CPU
		{D1A89F5D-1BC4-48DE-BBAC-B1C4F7ACAEBB}.Release|Any CPU.ActiveCfg = Release|Any CPU
		{D1A89F5D-1BC4-48DE-BBAC-B1C4F7ACAEBB}.Release|Any CPU.Build.0 = Release|Any CPU
		{D1A89F5D-1BC4-48DE-BBAC-B1C4F7ACAEBB}.Release|Any CPU.Deploy.0 = Release|Any CPU
		{D1A89F5D-1BC4-48DE-BBAC-B1C4F7ACAEBB}.Release|ARM.ActiveCfg = Release|Any CPU
		{D1A89F5D-1BC4-48DE-BBAC-B1C4F7ACAEBB}.Release|ARM.Build.0 = Release|Any CPU
		{D1A89F5D-1BC4-48DE-BBAC-B1C4F7ACAEBB}.Release|ARM.Deploy.0 = Release|Any CPU
		{D1A89F5D-1BC4-48DE-BBAC-B1C4F7ACAEBB}.Release|iPhone.ActiveCfg = Release|Any CPU
		{D1A89F5D-1BC4-48DE-BBAC-B1C4F7ACAEBB}.Release|iPhone.Build.0 = Release|Any CPU
		{D1A89F5D-1BC4-48DE-BBAC-B1C4F7ACAEBB}.Release|iPhone.Deploy.0 = Release|Any CPU
		{D1A89F5D-1BC4-48DE-BBAC-B1C4F7ACAEBB}.Release|iPhoneSimulator.ActiveCfg = Release|Any CPU
		{D1A89F5D-1BC4-48DE-BBAC-B1C4F7ACAEBB}.Release|iPhoneSimulator.Build.0 = Release|Any CPU
		{D1A89F5D-1BC4-48DE-BBAC-B1C4F7ACAEBB}.Release|iPhoneSimulator.Deploy.0 = Release|Any CPU
		{D1A89F5D-1BC4-48DE-BBAC-B1C4F7ACAEBB}.Release|x64.ActiveCfg = Release|Any CPU
		{D1A89F5D-1BC4-48DE-BBAC-B1C4F7ACAEBB}.Release|x64.Build.0 = Release|Any CPU
		{D1A89F5D-1BC4-48DE-BBAC-B1C4F7ACAEBB}.Release|x64.Deploy.0 = Release|Any CPU
		{D1A89F5D-1BC4-48DE-BBAC-B1C4F7ACAEBB}.Release|x86.ActiveCfg = Release|Any CPU
		{D1A89F5D-1BC4-48DE-BBAC-B1C4F7ACAEBB}.Release|x86.Build.0 = Release|Any CPU
		{D1A89F5D-1BC4-48DE-BBAC-B1C4F7ACAEBB}.Release|x86.Deploy.0 = Release|Any CPU
		{B0851DFA-7C05-4D9D-8AC3-4357F70FD769}.Ad-Hoc|Any CPU.ActiveCfg = Ad-Hoc|iPhone
		{B0851DFA-7C05-4D9D-8AC3-4357F70FD769}.Ad-Hoc|ARM.ActiveCfg = Ad-Hoc|iPhoneSimulator
		{B0851DFA-7C05-4D9D-8AC3-4357F70FD769}.Ad-Hoc|iPhone.ActiveCfg = Ad-Hoc|iPhone
		{B0851DFA-7C05-4D9D-8AC3-4357F70FD769}.Ad-Hoc|iPhone.Build.0 = Ad-Hoc|iPhone
		{B0851DFA-7C05-4D9D-8AC3-4357F70FD769}.Ad-Hoc|iPhoneSimulator.ActiveCfg = Ad-Hoc|iPhoneSimulator
		{B0851DFA-7C05-4D9D-8AC3-4357F70FD769}.Ad-Hoc|iPhoneSimulator.Build.0 = Ad-Hoc|iPhoneSimulator
		{B0851DFA-7C05-4D9D-8AC3-4357F70FD769}.Ad-Hoc|x64.ActiveCfg = Ad-Hoc|iPhoneSimulator
		{B0851DFA-7C05-4D9D-8AC3-4357F70FD769}.Ad-Hoc|x86.ActiveCfg = Ad-Hoc|iPhoneSimulator
		{B0851DFA-7C05-4D9D-8AC3-4357F70FD769}.AppStore|Any CPU.ActiveCfg = AppStore|iPhone
		{B0851DFA-7C05-4D9D-8AC3-4357F70FD769}.AppStore|ARM.ActiveCfg = AppStore|iPhoneSimulator
		{B0851DFA-7C05-4D9D-8AC3-4357F70FD769}.AppStore|iPhone.ActiveCfg = AppStore|iPhone
		{B0851DFA-7C05-4D9D-8AC3-4357F70FD769}.AppStore|iPhone.Build.0 = AppStore|iPhone
		{B0851DFA-7C05-4D9D-8AC3-4357F70FD769}.AppStore|iPhoneSimulator.ActiveCfg = AppStore|iPhoneSimulator
		{B0851DFA-7C05-4D9D-8AC3-4357F70FD769}.AppStore|iPhoneSimulator.Build.0 = AppStore|iPhoneSimulator
		{B0851DFA-7C05-4D9D-8AC3-4357F70FD769}.AppStore|x64.ActiveCfg = AppStore|iPhoneSimulator
		{B0851DFA-7C05-4D9D-8AC3-4357F70FD769}.AppStore|x86.ActiveCfg = AppStore|iPhoneSimulator
		{B0851DFA-7C05-4D9D-8AC3-4357F70FD769}.Debug|Any CPU.ActiveCfg = Debug|iPhone
		{B0851DFA-7C05-4D9D-8AC3-4357F70FD769}.Debug|ARM.ActiveCfg = Debug|iPhoneSimulator
		{B0851DFA-7C05-4D9D-8AC3-4357F70FD769}.Debug|iPhone.ActiveCfg = Debug|iPhone
		{B0851DFA-7C05-4D9D-8AC3-4357F70FD769}.Debug|iPhone.Build.0 = Debug|iPhone
		{B0851DFA-7C05-4D9D-8AC3-4357F70FD769}.Debug|iPhoneSimulator.ActiveCfg = Debug|iPhoneSimulator
		{B0851DFA-7C05-4D9D-8AC3-4357F70FD769}.Debug|iPhoneSimulator.Build.0 = Debug|iPhoneSimulator
		{B0851DFA-7C05-4D9D-8AC3-4357F70FD769}.Debug|x64.ActiveCfg = Debug|iPhoneSimulator
		{B0851DFA-7C05-4D9D-8AC3-4357F70FD769}.Debug|x86.ActiveCfg = Debug|iPhoneSimulator
		{B0851DFA-7C05-4D9D-8AC3-4357F70FD769}.Release|Any CPU.ActiveCfg = Release|iPhone
		{B0851DFA-7C05-4D9D-8AC3-4357F70FD769}.Release|ARM.ActiveCfg = Release|iPhoneSimulator
		{B0851DFA-7C05-4D9D-8AC3-4357F70FD769}.Release|iPhone.ActiveCfg = Release|iPhone
		{B0851DFA-7C05-4D9D-8AC3-4357F70FD769}.Release|iPhone.Build.0 = Release|iPhone
		{B0851DFA-7C05-4D9D-8AC3-4357F70FD769}.Release|iPhoneSimulator.ActiveCfg = Release|iPhoneSimulator
		{B0851DFA-7C05-4D9D-8AC3-4357F70FD769}.Release|iPhoneSimulator.Build.0 = Release|iPhoneSimulator
		{B0851DFA-7C05-4D9D-8AC3-4357F70FD769}.Release|x64.ActiveCfg = Release|iPhoneSimulator
		{B0851DFA-7C05-4D9D-8AC3-4357F70FD769}.Release|x86.ActiveCfg = Release|iPhoneSimulator
		{23937F90-C0ED-4ADE-ACD1-119235F2C561}.Ad-Hoc|Any CPU.ActiveCfg = Release|x64
		{23937F90-C0ED-4ADE-ACD1-119235F2C561}.Ad-Hoc|Any CPU.Build.0 = Release|x64
		{23937F90-C0ED-4ADE-ACD1-119235F2C561}.Ad-Hoc|Any CPU.Deploy.0 = Release|x64
		{23937F90-C0ED-4ADE-ACD1-119235F2C561}.Ad-Hoc|ARM.ActiveCfg = Release|ARM
		{23937F90-C0ED-4ADE-ACD1-119235F2C561}.Ad-Hoc|ARM.Build.0 = Release|ARM
		{23937F90-C0ED-4ADE-ACD1-119235F2C561}.Ad-Hoc|ARM.Deploy.0 = Release|ARM
		{23937F90-C0ED-4ADE-ACD1-119235F2C561}.Ad-Hoc|iPhone.ActiveCfg = Release|x64
		{23937F90-C0ED-4ADE-ACD1-119235F2C561}.Ad-Hoc|iPhone.Build.0 = Release|x64
		{23937F90-C0ED-4ADE-ACD1-119235F2C561}.Ad-Hoc|iPhone.Deploy.0 = Release|x64
		{23937F90-C0ED-4ADE-ACD1-119235F2C561}.Ad-Hoc|iPhoneSimulator.ActiveCfg = Release|x64
		{23937F90-C0ED-4ADE-ACD1-119235F2C561}.Ad-Hoc|iPhoneSimulator.Build.0 = Release|x64
		{23937F90-C0ED-4ADE-ACD1-119235F2C561}.Ad-Hoc|iPhoneSimulator.Deploy.0 = Release|x64
		{23937F90-C0ED-4ADE-ACD1-119235F2C561}.Ad-Hoc|x64.ActiveCfg = Release|x64
		{23937F90-C0ED-4ADE-ACD1-119235F2C561}.Ad-Hoc|x64.Build.0 = Release|x64
		{23937F90-C0ED-4ADE-ACD1-119235F2C561}.Ad-Hoc|x64.Deploy.0 = Release|x64
		{23937F90-C0ED-4ADE-ACD1-119235F2C561}.Ad-Hoc|x86.ActiveCfg = Release|x86
		{23937F90-C0ED-4ADE-ACD1-119235F2C561}.Ad-Hoc|x86.Build.0 = Release|x86
		{23937F90-C0ED-4ADE-ACD1-119235F2C561}.Ad-Hoc|x86.Deploy.0 = Release|x86
		{23937F90-C0ED-4ADE-ACD1-119235F2C561}.AppStore|Any CPU.ActiveCfg = Release|x64
		{23937F90-C0ED-4ADE-ACD1-119235F2C561}.AppStore|Any CPU.Build.0 = Release|x64
		{23937F90-C0ED-4ADE-ACD1-119235F2C561}.AppStore|Any CPU.Deploy.0 = Release|x64
		{23937F90-C0ED-4ADE-ACD1-119235F2C561}.AppStore|ARM.ActiveCfg = Release|ARM
		{23937F90-C0ED-4ADE-ACD1-119235F2C561}.AppStore|ARM.Build.0 = Release|ARM
		{23937F90-C0ED-4ADE-ACD1-119235F2C561}.AppStore|ARM.Deploy.0 = Release|ARM
		{23937F90-C0ED-4ADE-ACD1-119235F2C561}.AppStore|iPhone.ActiveCfg = Release|x64
		{23937F90-C0ED-4ADE-ACD1-119235F2C561}.AppStore|iPhone.Build.0 = Release|x64
		{23937F90-C0ED-4ADE-ACD1-119235F2C561}.AppStore|iPhone.Deploy.0 = Release|x64
		{23937F90-C0ED-4ADE-ACD1-119235F2C561}.AppStore|iPhoneSimulator.ActiveCfg = Release|x64
		{23937F90-C0ED-4ADE-ACD1-119235F2C561}.AppStore|iPhoneSimulator.Build.0 = Release|x64
		{23937F90-C0ED-4ADE-ACD1-119235F2C561}.AppStore|iPhoneSimulator.Deploy.0 = Release|x64
		{23937F90-C0ED-4ADE-ACD1-119235F2C561}.AppStore|x64.ActiveCfg = Release|x64
		{23937F90-C0ED-4ADE-ACD1-119235F2C561}.AppStore|x64.Build.0 = Release|x64
		{23937F90-C0ED-4ADE-ACD1-119235F2C561}.AppStore|x64.Deploy.0 = Release|x64
		{23937F90-C0ED-4ADE-ACD1-119235F2C561}.AppStore|x86.ActiveCfg = Release|x86
		{23937F90-C0ED-4ADE-ACD1-119235F2C561}.AppStore|x86.Build.0 = Release|x86
		{23937F90-C0ED-4ADE-ACD1-119235F2C561}.AppStore|x86.Deploy.0 = Release|x86
		{23937F90-C0ED-4ADE-ACD1-119235F2C561}.Debug|Any CPU.ActiveCfg = Debug|x86
		{23937F90-C0ED-4ADE-ACD1-119235F2C561}.Debug|ARM.ActiveCfg = Debug|ARM
		{23937F90-C0ED-4ADE-ACD1-119235F2C561}.Debug|ARM.Build.0 = Debug|ARM
		{23937F90-C0ED-4ADE-ACD1-119235F2C561}.Debug|ARM.Deploy.0 = Debug|ARM
		{23937F90-C0ED-4ADE-ACD1-119235F2C561}.Debug|iPhone.ActiveCfg = Debug|x86
		{23937F90-C0ED-4ADE-ACD1-119235F2C561}.Debug|iPhoneSimulator.ActiveCfg = Debug|x86
		{23937F90-C0ED-4ADE-ACD1-119235F2C561}.Debug|x64.ActiveCfg = Debug|x64
		{23937F90-C0ED-4ADE-ACD1-119235F2C561}.Debug|x64.Build.0 = Debug|x64
		{23937F90-C0ED-4ADE-ACD1-119235F2C561}.Debug|x64.Deploy.0 = Debug|x64
		{23937F90-C0ED-4ADE-ACD1-119235F2C561}.Debug|x86.ActiveCfg = Debug|x86
		{23937F90-C0ED-4ADE-ACD1-119235F2C561}.Debug|x86.Build.0 = Debug|x86
		{23937F90-C0ED-4ADE-ACD1-119235F2C561}.Debug|x86.Deploy.0 = Debug|x86
		{23937F90-C0ED-4ADE-ACD1-119235F2C561}.Release|Any CPU.ActiveCfg = Release|x86
		{23937F90-C0ED-4ADE-ACD1-119235F2C561}.Release|ARM.ActiveCfg = Release|ARM
		{23937F90-C0ED-4ADE-ACD1-119235F2C561}.Release|ARM.Build.0 = Release|ARM
		{23937F90-C0ED-4ADE-ACD1-119235F2C561}.Release|ARM.Deploy.0 = Release|ARM
		{23937F90-C0ED-4ADE-ACD1-119235F2C561}.Release|iPhone.ActiveCfg = Release|x86
		{23937F90-C0ED-4ADE-ACD1-119235F2C561}.Release|iPhoneSimulator.ActiveCfg = Release|x86
		{23937F90-C0ED-4ADE-ACD1-119235F2C561}.Release|x64.ActiveCfg = Release|x64
		{23937F90-C0ED-4ADE-ACD1-119235F2C561}.Release|x64.Build.0 = Release|x64
		{23937F90-C0ED-4ADE-ACD1-119235F2C561}.Release|x64.Deploy.0 = Release|x64
		{23937F90-C0ED-4ADE-ACD1-119235F2C561}.Release|x86.ActiveCfg = Release|x86
		{23937F90-C0ED-4ADE-ACD1-119235F2C561}.Release|x86.Build.0 = Release|x86
		{23937F90-C0ED-4ADE-ACD1-119235F2C561}.Release|x86.Deploy.0 = Release|x86
	EndGlobalSection
	GlobalSection(SolutionProperties) = preSolution
		HideSolutionNode = FALSE
	EndGlobalSection
	GlobalSection(ExtensibilityGlobals) = postSolution
		SolutionGuid = {C1984383-F99D-48B1-8D9B-287392A7BB21}
	EndGlobalSection
EndGlobal
